
Microsoft Visual Studio Solution File, Format Version 12.00
# Visual Studio Version 16
VisualStudioVersion = 16.0.28729.10
MinimumVisualStudioVersion = 10.0.40219.1
Project("{FAE04EC0-301F-11D3-BF4B-00C04F79EFBC}") = "UseJsonParserMultipla", "UseJsonParserMultipla\UseJsonParserMultipla.csproj", "{6614CB1C-AB68-4036-BEA0-58ABE29F0119}"
EndProject
Global
	GlobalSection(SolutionConfigurationPlatforms) = preSolution
		Debug|Any CPU = Debug|Any CPU
		Release|Any CPU = Release|Any CPU
	EndGlobalSection
	GlobalSection(ProjectConfigurationPlatforms) = postSolution
		{6614CB1C-AB68-4036-BEA0-58ABE29F0119}.Debug|Any CPU.ActiveCfg = Debug|Any CPU
		{6614CB1C-AB68-4036-BEA0-58ABE29F0119}.Debug|Any CPU.Build.0 = Debug|Any CPU
		{6614CB1C-AB68-4036-BEA0-58ABE29F0119}.Release|Any CPU.ActiveCfg = Release|Any CPU
		{6614CB1C-AB68-4036-BEA0-58ABE29F0119}.Release|Any CPU.Build.0 = Release|Any CPU
	EndGlobalSection
	GlobalSection(SolutionProperties) = preSolution
		HideSolutionNode = FALSE
	EndGlobalSection
	GlobalSection(ExtensibilityGlobals) = postSolution
		SolutionGuid = {FC2BDBB0-EABB-462A-8EDA-22B4871DC0F2}
	EndGlobalSection
EndGlobal
